// !$*UTF8*$!
{
	archiveVersion = 1;
	classes = {
	};
	objectVersion = 50;
	objects = {

/* Begin PBXBuildFile section */
		179D15EA2474AA9100D49CD0 /* LoginVC.swift in Sources */ = {isa = PBXBuildFile; fileRef = 179D15E92474AA9100D49CD0 /* LoginVC.swift */; };
		179D15EC2474AAE500D49CD0 /* HomeVC.swift in Sources */ = {isa = PBXBuildFile; fileRef = 179D15EB2474AAE500D49CD0 /* HomeVC.swift */; };
		179D15EE2474AB4000D49CD0 /* SignUpVC.swift in Sources */ = {isa = PBXBuildFile; fileRef = 179D15ED2474AB4000D49CD0 /* SignUpVC.swift */; };
		17F67EC7246FDE8600A1F211 /* AppDelegate.swift in Sources */ = {isa = PBXBuildFile; fileRef = 17F67EC6246FDE8600A1F211 /* AppDelegate.swift */; };
		17F67ECC246FDE8600A1F211 /* Main.storyboard in Resources */ = {isa = PBXBuildFile; fileRef = 17F67ECA246FDE8600A1F211 /* Main.storyboard */; };
		17F67ECE246FDE9100A1F211 /* Assets.xcassets in Resources */ = {isa = PBXBuildFile; fileRef = 17F67ECD246FDE9100A1F211 /* Assets.xcassets */; };
		17F67ED1246FDE9100A1F211 /* LaunchScreen.storyboard in Resources */ = {isa = PBXBuildFile; fileRef = 17F67ECF246FDE9100A1F211 /* LaunchScreen.storyboard */; };
		880683302475E8F400D89D57 /* DesignCourseList.swift in Sources */ = {isa = PBXBuildFile; fileRef = 8806832F2475E8F400D89D57 /* DesignCourseList.swift */; };
		880683322475F05900D89D57 /* CourseListViewController.swift in Sources */ = {isa = PBXBuildFile; fileRef = 880683312475F05900D89D57 /* CourseListViewController.swift */; };
		88190C2B247479FD006772B1 /* Authentication.storyboard in Resources */ = {isa = PBXBuildFile; fileRef = 88190C2A247479FD006772B1 /* Authentication.storyboard */; };
		88BD24932475DFB30073E13A /* CourseList.storyboard in Resources */ = {isa = PBXBuildFile; fileRef = 88BD24922475DFB30073E13A /* CourseList.storyboard */; };
		BAAA873B8FB82DB3074605B1 /* Pods_KidZoonaUserApp.framework in Frameworks */ = {isa = PBXBuildFile; fileRef = F65A2F7F2437A95A91136AD1 /* Pods_KidZoonaUserApp.framework */; };
/* End PBXBuildFile section */

/* Begin PBXFileReference section */
		179D15E92474AA9100D49CD0 /* LoginVC.swift */ = {isa = PBXFileReference; lastKnownFileType = sourcecode.swift; path = LoginVC.swift; sourceTree = "<group>"; };
		179D15EB2474AAE500D49CD0 /* HomeVC.swift */ = {isa = PBXFileReference; lastKnownFileType = sourcecode.swift; path = HomeVC.swift; sourceTree = "<group>"; };
		179D15ED2474AB4000D49CD0 /* SignUpVC.swift */ = {isa = PBXFileReference; lastKnownFileType = sourcecode.swift; path = SignUpVC.swift; sourceTree = "<group>"; };
		17F67EC3246FDE8600A1F211 /* KidZoonaUserApp.app */ = {isa = PBXFileReference; explicitFileType = wrapper.application; includeInIndex = 0; path = KidZoonaUserApp.app; sourceTree = BUILT_PRODUCTS_DIR; };
		17F67EC6246FDE8600A1F211 /* AppDelegate.swift */ = {isa = PBXFileReference; lastKnownFileType = sourcecode.swift; path = AppDelegate.swift; sourceTree = "<group>"; };
		17F67ECB246FDE8600A1F211 /* Base */ = {isa = PBXFileReference; lastKnownFileType = file.storyboard; name = Base; path = Base.lproj/Main.storyboard; sourceTree = "<group>"; };
		17F67ECD246FDE9100A1F211 /* Assets.xcassets */ = {isa = PBXFileReference; lastKnownFileType = folder.assetcatalog; path = Assets.xcassets; sourceTree = "<group>"; };
		17F67ED0246FDE9100A1F211 /* Base */ = {isa = PBXFileReference; lastKnownFileType = file.storyboard; name = Base; path = Base.lproj/LaunchScreen.storyboard; sourceTree = "<group>"; };
		17F67ED2246FDE9100A1F211 /* Info.plist */ = {isa = PBXFileReference; lastKnownFileType = text.plist.xml; path = Info.plist; sourceTree = "<group>"; };
		8806832F2475E8F400D89D57 /* DesignCourseList.swift */ = {isa = PBXFileReference; lastKnownFileType = sourcecode.swift; path = DesignCourseList.swift; sourceTree = "<group>"; };
		880683312475F05900D89D57 /* CourseListViewController.swift */ = {isa = PBXFileReference; lastKnownFileType = sourcecode.swift; path = CourseListViewController.swift; sourceTree = "<group>"; };
		88190C2A247479FD006772B1 /* Authentication.storyboard */ = {isa = PBXFileReference; lastKnownFileType = file.storyboard; path = Authentication.storyboard; sourceTree = "<group>"; };
		88BD24922475DFB30073E13A /* CourseList.storyboard */ = {isa = PBXFileReference; lastKnownFileType = file.storyboard; path = CourseList.storyboard; sourceTree = "<group>"; };
		8B7BEEF76BE8CFF136865353 /* Pods-KidZoonaUserApp.release.xcconfig */ = {isa = PBXFileReference; includeInIndex = 1; lastKnownFileType = text.xcconfig; name = "Pods-KidZoonaUserApp.release.xcconfig"; path = "Target Support Files/Pods-KidZoonaUserApp/Pods-KidZoonaUserApp.release.xcconfig"; sourceTree = "<group>"; };
		A4B22BA3627EF1080AB1F920 /* Pods-KidZoonaUserApp.debug.xcconfig */ = {isa = PBXFileReference; includeInIndex = 1; lastKnownFileType = text.xcconfig; name = "Pods-KidZoonaUserApp.debug.xcconfig"; path = "Target Support Files/Pods-KidZoonaUserApp/Pods-KidZoonaUserApp.debug.xcconfig"; sourceTree = "<group>"; };
		F65A2F7F2437A95A91136AD1 /* Pods_KidZoonaUserApp.framework */ = {isa = PBXFileReference; explicitFileType = wrapper.framework; includeInIndex = 0; path = Pods_KidZoonaUserApp.framework; sourceTree = BUILT_PRODUCTS_DIR; };
/* End PBXFileReference section */

/* Begin PBXFrameworksBuildPhase section */
		17F67EC0246FDE8600A1F211 /* Frameworks */ = {
			isa = PBXFrameworksBuildPhase;
			buildActionMask = 2147483647;
			files = (
				BAAA873B8FB82DB3074605B1 /* Pods_KidZoonaUserApp.framework in Frameworks */,
			);
			runOnlyForDeploymentPostprocessing = 0;
		};
/* End PBXFrameworksBuildPhase section */

/* Begin PBXGroup section */
		0856F748811DB8219E296E90 /* Frameworks */ = {
			isa = PBXGroup;
			children = (
				F65A2F7F2437A95A91136AD1 /* Pods_KidZoonaUserApp.framework */,
			);
			name = Frameworks;
			sourceTree = "<group>";
		};
		179D15EF2474BB9900D49CD0 /* Scene */ = {
			isa = PBXGroup;
			children = (
				88BD24942475DFD70073E13A /* CourseList */,
				179D15F02474BBBD00D49CD0 /* Authentication */,
				179D15F12474BBD800D49CD0 /* Home */,
			);
			path = Scene;
			sourceTree = "<group>";
		};
		179D15F02474BBBD00D49CD0 /* Authentication */ = {
			isa = PBXGroup;
			children = (
				179D15E92474AA9100D49CD0 /* LoginVC.swift */,
				179D15ED2474AB4000D49CD0 /* SignUpVC.swift */,
			);
			path = Authentication;
			sourceTree = "<group>";
		};
		179D15F12474BBD800D49CD0 /* Home */ = {
			isa = PBXGroup;
			children = (
				179D15EB2474AAE500D49CD0 /* HomeVC.swift */,
			);
			path = Home;
			sourceTree = "<group>";
		};
		179D15F22474BC0700D49CD0 /* Storyboards */ = {
			isa = PBXGroup;
			children = (
				17F67ECF246FDE9100A1F211 /* LaunchScreen.storyboard */,
				17F67ECA246FDE8600A1F211 /* Main.storyboard */,
				88190C2A247479FD006772B1 /* Authentication.storyboard */,
				88BD24922475DFB30073E13A /* CourseList.storyboard */,
			);
			path = Storyboards;
			sourceTree = "<group>";
		};
		179D15F32474BC3A00D49CD0 /* Resources */ = {
			isa = PBXGroup;
			children = (
				17F67ECD246FDE9100A1F211 /* Assets.xcassets */,
			);
			path = Resources;
			sourceTree = "<group>";
		};
		179D15F42474BC8700D49CD0 /* Core */ = {
			isa = PBXGroup;
			children = (
				17F67EC6246FDE8600A1F211 /* AppDelegate.swift */,
			);
			path = Core;
			sourceTree = "<group>";
		};
		179D15F52474BCA600D49CD0 /* Configrations */ = {
			isa = PBXGroup;
			children = (
				17F67ED2246FDE9100A1F211 /* Info.plist */,
			);
			path = Configrations;
			sourceTree = "<group>";
		};
		17F67EBA246FDE8500A1F211 = {
			isa = PBXGroup;
			children = (
				17F67EC5246FDE8600A1F211 /* KidZoonaUserApp */,
				17F67EC4246FDE8600A1F211 /* Products */,
				5EEA43FA992F309DBAACF2A6 /* Pods */,
				0856F748811DB8219E296E90 /* Frameworks */,
			);
			sourceTree = "<group>";
		};
		17F67EC4246FDE8600A1F211 /* Products */ = {
			isa = PBXGroup;
			children = (
				17F67EC3246FDE8600A1F211 /* KidZoonaUserApp.app */,
			);
			name = Products;
			sourceTree = "<group>";
		};
		17F67EC5246FDE8600A1F211 /* KidZoonaUserApp */ = {
			isa = PBXGroup;
			children = (
				179D15F22474BC0700D49CD0 /* Storyboards */,
				179D15EF2474BB9900D49CD0 /* Scene */,
				179D15F32474BC3A00D49CD0 /* Resources */,
				179D15F52474BCA600D49CD0 /* Configrations */,
				179D15F42474BC8700D49CD0 /* Core */,
			);
			path = KidZoonaUserApp;
			sourceTree = "<group>";
		};
		5EEA43FA992F309DBAACF2A6 /* Pods */ = {
			isa = PBXGroup;
			children = (
				A4B22BA3627EF1080AB1F920 /* Pods-KidZoonaUserApp.debug.xcconfig */,
				8B7BEEF76BE8CFF136865353 /* Pods-KidZoonaUserApp.release.xcconfig */,
			);
			name = Pods;
			path = Pods;
			sourceTree = "<group>";
		};
		88BD24942475DFD70073E13A /* CourseList */ = {
			isa = PBXGroup;
			children = (
				8806832F2475E8F400D89D57 /* DesignCourseList.swift */,
				880683312475F05900D89D57 /* CourseListViewController.swift */,
			);
			path = CourseList;
			sourceTree = "<group>";
		};
/* End PBXGroup section */

/* Begin PBXNativeTarget section */
		17F67EC2246FDE8600A1F211 /* KidZoonaUserApp */ = {
			isa = PBXNativeTarget;
			buildConfigurationList = 17F67ED5246FDE9100A1F211 /* Build configuration list for PBXNativeTarget "KidZoonaUserApp" */;
			buildPhases = (
				F0D3C927463403400F17E39C /* [CP] Check Pods Manifest.lock */,
				17F67EBF246FDE8600A1F211 /* Sources */,
				17F67EC0246FDE8600A1F211 /* Frameworks */,
				17F67EC1246FDE8600A1F211 /* Resources */,
				62E4ECD2F2F4A950022C2F0B /* [CP] Embed Pods Frameworks */,
			);
			buildRules = (
			);
			dependencies = (
			);
			name = KidZoonaUserApp;
			productName = KidZoonaUserApp;
			productReference = 17F67EC3246FDE8600A1F211 /* KidZoonaUserApp.app */;
			productType = "com.apple.product-type.application";
		};
/* End PBXNativeTarget section */

/* Begin PBXProject section */
		17F67EBB246FDE8500A1F211 /* Project object */ = {
			isa = PBXProject;
			attributes = {
				LastSwiftUpdateCheck = 1010;
				LastUpgradeCheck = 1010;
				ORGANIZATIONNAME = asmaa;
				TargetAttributes = {
					17F67EC2246FDE8600A1F211 = {
						CreatedOnToolsVersion = 10.1;
					};
				};
			};
			buildConfigurationList = 17F67EBE246FDE8500A1F211 /* Build configuration list for PBXProject "KidZoonaUserApp" */;
			compatibilityVersion = "Xcode 9.3";
			developmentRegion = en;
			hasScannedForEncodings = 0;
			knownRegions = (
				en,
				Base,
			);
			mainGroup = 17F67EBA246FDE8500A1F211;
			productRefGroup = 17F67EC4246FDE8600A1F211 /* Products */;
			projectDirPath = "";
			projectRoot = "";
			targets = (
				17F67EC2246FDE8600A1F211 /* KidZoonaUserApp */,
			);
		};
/* End PBXProject section */

/* Begin PBXResourcesBuildPhase section */
		17F67EC1246FDE8600A1F211 /* Resources */ = {
			isa = PBXResourcesBuildPhase;
			buildActionMask = 2147483647;
			files = (
				17F67ED1246FDE9100A1F211 /* LaunchScreen.storyboard in Resources */,
				88BD24932475DFB30073E13A /* CourseList.storyboard in Resources */,
				17F67ECE246FDE9100A1F211 /* Assets.xcassets in Resources */,
				17F67ECC246FDE8600A1F211 /* Main.storyboard in Resources */,
				88190C2B247479FD006772B1 /* Authentication.storyboard in Resources */,
			);
			runOnlyForDeploymentPostprocessing = 0;
		};
/* End PBXResourcesBuildPhase section */

/* Begin PBXShellScriptBuildPhase section */
		62E4ECD2F2F4A950022C2F0B /* [CP] Embed Pods Frameworks */ = {
			isa = PBXShellScriptBuildPhase;
			buildActionMask = 2147483647;
			files = (
			);
			inputFileListPaths = (
				"${PODS_ROOT}/Target Support Files/Pods-KidZoonaUserApp/Pods-KidZoonaUserApp-frameworks-${CONFIGURATION}-input-files.xcfilelist",
			);
			name = "[CP] Embed Pods Frameworks";
			outputFileListPaths = (
				"${PODS_ROOT}/Target Support Files/Pods-KidZoonaUserApp/Pods-KidZoonaUserApp-frameworks-${CONFIGURATION}-output-files.xcfilelist",
			);
			runOnlyForDeploymentPostprocessing = 0;
			shellPath = /bin/sh;
			shellScript = "\"${PODS_ROOT}/Target Support Files/Pods-KidZoonaUserApp/Pods-KidZoonaUserApp-frameworks.sh\"\n";
			showEnvVarsInLog = 0;
		};
		F0D3C927463403400F17E39C /* [CP] Check Pods Manifest.lock */ = {
			isa = PBXShellScriptBuildPhase;
			buildActionMask = 2147483647;
			files = (
			);
			inputFileListPaths = (
			);
			inputPaths = (
				"${PODS_PODFILE_DIR_PATH}/Podfile.lock",
				"${PODS_ROOT}/Manifest.lock",
			);
			name = "[CP] Check Pods Manifest.lock";
			outputFileListPaths = (
			);
			outputPaths = (
				"$(DERIVED_FILE_DIR)/Pods-KidZoonaUserApp-checkManifestLockResult.txt",
			);
			runOnlyForDeploymentPostprocessing = 0;
			shellPath = /bin/sh;
			shellScript = "diff \"${PODS_PODFILE_DIR_PATH}/Podfile.lock\" \"${PODS_ROOT}/Manifest.lock\" > /dev/null\nif [ $? != 0 ] ; then\n    # print error to STDERR\n    echo \"error: The sandbox is not in sync with the Podfile.lock. Run 'pod install' or update your CocoaPods installation.\" >&2\n    exit 1\nfi\n# This output is used by Xcode 'outputs' to avoid re-running this script phase.\necho \"SUCCESS\" > \"${SCRIPT_OUTPUT_FILE_0}\"\n";
			showEnvVarsInLog = 0;
		};
/* End PBXShellScriptBuildPhase section */

/* Begin PBXSourcesBuildPhase section */
		17F67EBF246FDE8600A1F211 /* Sources */ = {
			isa = PBXSourcesBuildPhase;
			buildActionMask = 2147483647;
			files = (
				880683302475E8F400D89D57 /* DesignCourseList.swift in Sources */,
				179D15EE2474AB4000D49CD0 /* SignUpVC.swift in Sources */,
				179D15EC2474AAE500D49CD0 /* HomeVC.swift in Sources */,
				17F67EC7246FDE8600A1F211 /* AppDelegate.swift in Sources */,
				179D15EA2474AA9100D49CD0 /* LoginVC.swift in Sources */,
				880683322475F05900D89D57 /* CourseListViewController.swift in Sources */,
			);
			runOnlyForDeploymentPostprocessing = 0;
		};
/* End PBXSourcesBuildPhase section */

/* Begin PBXVariantGroup section */
		17F67ECA246FDE8600A1F211 /* Main.storyboard */ = {
			isa = PBXVariantGroup;
			children = (
				17F67ECB246FDE8600A1F211 /* Base */,
			);
			name = Main.storyboard;
			sourceTree = "<group>";
		};
		17F67ECF246FDE9100A1F211 /* LaunchScreen.storyboard */ = {
			isa = PBXVariantGroup;
			children = (
				17F67ED0246FDE9100A1F211 /* Base */,
			);
			name = LaunchScreen.storyboard;
			sourceTree = "<group>";
		};
/* End PBXVariantGroup section */

/* Begin XCBuildConfiguration section */
		17F67ED3246FDE9100A1F211 /* Debug */ = {
			isa = XCBuildConfiguration;
			buildSettings = {
				ALWAYS_SEARCH_USER_PATHS = NO;
				CLANG_ANALYZER_NONNULL = YES;
				CLANG_ANALYZER_NUMBER_OBJECT_CONVERSION = YES_AGGRESSIVE;
				CLANG_CXX_LANGUAGE_STANDARD = "gnu++14";
				CLANG_CXX_LIBRARY = "libc++";
				CLANG_ENABLE_MODULES = YES;
				CLANG_ENABLE_OBJC_ARC = YES;
				CLANG_ENABLE_OBJC_WEAK = YES;
				CLANG_WARN_BLOCK_CAPTURE_AUTORELEASING = YES;
				CLANG_WARN_BOOL_CONVERSION = YES;
				CLANG_WARN_COMMA = YES;
				CLANG_WARN_CONSTANT_CONVERSION = YES;
				CLANG_WARN_DEPRECATED_OBJC_IMPLEMENTATIONS = YES;
				CLANG_WARN_DIRECT_OBJC_ISA_USAGE = YES_ERROR;
				CLANG_WARN_DOCUMENTATION_COMMENTS = YES;
				CLANG_WARN_EMPTY_BODY = YES;
				CLANG_WARN_ENUM_CONVERSION = YES;
				CLANG_WARN_INFINITE_RECURSION = YES;
				CLANG_WARN_INT_CONVERSION = YES;
				CLANG_WARN_NON_LITERAL_NULL_CONVERSION = YES;
				CLANG_WARN_OBJC_IMPLICIT_RETAIN_SELF = YES;
				CLANG_WARN_OBJC_LITERAL_CONVERSION = YES;
				CLANG_WARN_OBJC_ROOT_CLASS = YES_ERROR;
				CLANG_WARN_RANGE_LOOP_ANALYSIS = YES;
				CLANG_WARN_STRICT_PROTOTYPES = YES;
				CLANG_WARN_SUSPICIOUS_MOVE = YES;
				CLANG_WARN_UNGUARDED_AVAILABILITY = YES_AGGRESSIVE;
				CLANG_WARN_UNREACHABLE_CODE = YES;
				CLANG_WARN__DUPLICATE_METHOD_MATCH = YES;
				CODE_SIGN_IDENTITY = "iPhone Developer";
				COPY_PHASE_STRIP = NO;
				DEBUG_INFORMATION_FORMAT = dwarf;
				ENABLE_STRICT_OBJC_MSGSEND = YES;
				ENABLE_TESTABILITY = YES;
				GCC_C_LANGUAGE_STANDARD = gnu11;
				GCC_DYNAMIC_NO_PIC = NO;
				GCC_NO_COMMON_BLOCKS = YES;
				GCC_OPTIMIZATION_LEVEL = 0;
				GCC_PREPROCESSOR_DEFINITIONS = (
					"DEBUG=1",
					"$(inherited)",
				);
				GCC_WARN_64_TO_32_BIT_CONVERSION = YES;
				GCC_WARN_ABOUT_RETURN_TYPE = YES_ERROR;
				GCC_WARN_UNDECLARED_SELECTOR = YES;
				GCC_WARN_UNINITIALIZED_AUTOS = YES_AGGRESSIVE;
				GCC_WARN_UNUSED_FUNCTION = YES;
				GCC_WARN_UNUSED_VARIABLE = YES;
				MTL_ENABLE_DEBUG_INFO = INCLUDE_SOURCE;
				MTL_FAST_MATH = YES;
				ONLY_ACTIVE_ARCH = YES;
				SDKROOT = iphoneos;
				SWIFT_ACTIVE_COMPILATION_CONDITIONS = DEBUG;
				SWIFT_OPTIMIZATION_LEVEL = "-Onone";
			};
			name = Debug;
		};
		17F67ED4246FDE9100A1F211 /* Release */ = {
			isa = XCBuildConfiguration;
			buildSettings = {
				ALWAYS_SEARCH_USER_PATHS = NO;
				CLANG_ANALYZER_NONNULL = YES;
				CLANG_ANALYZER_NUMBER_OBJECT_CONVERSION = YES_AGGRESSIVE;
				CLANG_CXX_LANGUAGE_STANDARD = "gnu++14";
				CLANG_CXX_LIBRARY = "libc++";
				CLANG_ENABLE_MODULES = YES;
				CLANG_ENABLE_OBJC_ARC = YES;
				CLANG_ENABLE_OBJC_WEAK = YES;
				CLANG_WARN_BLOCK_CAPTURE_AUTORELEASING = YES;
				CLANG_WARN_BOOL_CONVERSION = YES;
				CLANG_WARN_COMMA = YES;
				CLANG_WARN_CONSTANT_CONVERSION = YES;
				CLANG_WARN_DEPRECATED_OBJC_IMPLEMENTATIONS = YES;
				CLANG_WARN_DIRECT_OBJC_ISA_USAGE = YES_ERROR;
				CLANG_WARN_DOCUMENTATION_COMMENTS = YES;
				CLANG_WARN_EMPTY_BODY = YES;
				CLANG_WARN_ENUM_CONVERSION = YES;
				CLANG_WARN_INFINITE_RECURSION = YES;
				CLANG_WARN_INT_CONVERSION = YES;
				CLANG_WARN_NON_LITERAL_NULL_CONVERSION = YES;
				CLANG_WARN_OBJC_IMPLICIT_RETAIN_SELF = YES;
				CLANG_WARN_OBJC_LITERAL_CONVERSION = YES;
				CLANG_WARN_OBJC_ROOT_CLASS = YES_ERROR;
				CLANG_WARN_RANGE_LOOP_ANALYSIS = YES;
				CLANG_WARN_STRICT_PROTOTYPES = YES;
				CLANG_WARN_SUSPICIOUS_MOVE = YES;
				CLANG_WARN_UNGUARDED_AVAILABILITY = YES_AGGRESSIVE;
				CLANG_WARN_UNREACHABLE_CODE = YES;
				CLANG_WARN__DUPLICATE_METHOD_MATCH = YES;
				CODE_SIGN_IDENTITY = "iPhone Developer";
				COPY_PHASE_STRIP = NO;
				DEBUG_INFORMATION_FORMAT = "dwarf-with-dsym";
				ENABLE_NS_ASSERTIONS = NO;
				ENABLE_STRICT_OBJC_MSGSEND = YES;
				GCC_C_LANGUAGE_STANDARD = gnu11;
				GCC_NO_COMMON_BLOCKS = YES;
				GCC_WARN_64_TO_32_BIT_CONVERSION = YES;
				GCC_WARN_ABOUT_RETURN_TYPE = YES_ERROR;
				GCC_WARN_UNDECLARED_SELECTOR = YES;
				GCC_WARN_UNINITIALIZED_AUTOS = YES_AGGRESSIVE;
				GCC_WARN_UNUSED_FUNCTION = YES;
				GCC_WARN_UNUSED_VARIABLE = YES;
				MTL_ENABLE_DEBUG_INFO = NO;
				MTL_FAST_MATH = YES;
				SDKROOT = iphoneos;
				SWIFT_COMPILATION_MODE = wholemodule;
				SWIFT_OPTIMIZATION_LEVEL = "-O";
				VALIDATE_PRODUCT = YES;
			};
			name = Release;
		};
		17F67ED6246FDE9100A1F211 /* Debug */ = {
			isa = XCBuildConfiguration;
			baseConfigurationReference = A4B22BA3627EF1080AB1F920 /* Pods-KidZoonaUserApp.debug.xcconfig */;
			buildSettings = {
				ASSETCATALOG_COMPILER_APPICON_NAME = AppIcon;
				CODE_SIGN_STYLE = Automatic;
				DEVELOPMENT_TEAM = 9QGUZ29PBZ;
				INFOPLIST_FILE = "$(SRCROOT)/KidZoonaUserApp/Configrations/Info.plist";
				LD_RUNPATH_SEARCH_PATHS = (
					"$(inherited)",
					"@executable_path/Frameworks",
				);
				PRODUCT_BUNDLE_IDENTIFIER = com.ITIIntake40.KidZoonaUserApp;
				PRODUCT_NAME = "$(TARGET_NAME)";
				SWIFT_VERSION = 4.2;
				TARGETED_DEVICE_FAMILY = "1,2";
			};
			name = Debug;
		};
		17F67ED7246FDE9100A1F211 /* Release */ = {
			isa = XCBuildConfiguration;
			baseConfigurationReference = 8B7BEEF76BE8CFF136865353 /* Pods-KidZoonaUserApp.release.xcconfig */;
			buildSettings = {
				ASSETCATALOG_COMPILER_APPICON_NAME = AppIcon;
				CODE_SIGN_STYLE = Automatic;
				DEVELOPMENT_TEAM = 9QGUZ29PBZ;
				INFOPLIST_FILE = "$(SRCROOT)/KidZoonaUserApp/Configrations/Info.plist";
				LD_RUNPATH_SEARCH_PATHS = (
					"$(inherited)",
					"@executable_path/Frameworks",
				);
				PRODUCT_BUNDLE_IDENTIFIER = com.ITIIntake40.KidZoonaUserApp;
				PRODUCT_NAME = "$(TARGET_NAME)";
				SWIFT_VERSION = 4.2;
				TARGETED_DEVICE_FAMILY = "1,2";
			};
			name = Release;
		};
/* End XCBuildConfiguration section */

/* Begin XCConfigurationList section */
		17F67EBE246FDE8500A1F211 /* Build configuration list for PBXProject "KidZoonaUserApp" */ = {
			isa = XCConfigurationList;
			buildConfigurations = (
				17F67ED3246FDE9100A1F211 /* Debug */,
				17F67ED4246FDE9100A1F211 /* Release */,
			);
			defaultConfigurationIsVisible = 0;
			defaultConfigurationName = Release;
		};
		17F67ED5246FDE9100A1F211 /* Build configuration list for PBXNativeTarget "KidZoonaUserApp" */ = {
			isa = XCConfigurationList;
			buildConfigurations = (
				17F67ED6246FDE9100A1F211 /* Debug */,
				17F67ED7246FDE9100A1F211 /* Release */,
			);
			defaultConfigurationIsVisible = 0;
			defaultConfigurationName = Release;
		};
/* End XCConfigurationList section */
	};
	rootObject = 17F67EBB246FDE8500A1F211 /* Project object */;
}
